// !$*UTF8*$!
{
	archiveVersion = 1;
	classes = {
	};
	objectVersion = 46;
	objects = {

/* Begin PBXBuildFile section */
		607FACD61AFB9204008FA782 /* AppDelegate.swift in Sources */ = {isa = PBXBuildFile; fileRef = 607FACD51AFB9204008FA782 /* AppDelegate.swift */; };
		607FACDD1AFB9204008FA782 /* Images.xcassets in Resources */ = {isa = PBXBuildFile; fileRef = 607FACDC1AFB9204008FA782 /* Images.xcassets */; };
		607FACE01AFB9204008FA782 /* LaunchScreen.xib in Resources */ = {isa = PBXBuildFile; fileRef = 607FACDE1AFB9204008FA782 /* LaunchScreen.xib */; };
		88CEFA452BB9C42F0074147A /* Experiment01ViewController.swift in Sources */ = {isa = PBXBuildFile; fileRef = 88CEFA3C2BB9C42F0074147A /* Experiment01ViewController.swift */; };
		88CEFA462BB9C42F0074147A /* DebugDataCardController.swift in Sources */ = {isa = PBXBuildFile; fileRef = 88CEFA3D2BB9C42F0074147A /* DebugDataCardController.swift */; };
		88CEFA472BB9C42F0074147A /* Experiment02ViewController.swift in Sources */ = {isa = PBXBuildFile; fileRef = 88CEFA3E2BB9C42F0074147A /* Experiment02ViewController.swift */; };
		88CEFA482BB9C42F0074147A /* AuxPreviewTest01ViewController.swift in Sources */ = {isa = PBXBuildFile; fileRef = 88CEFA3F2BB9C42F0074147A /* AuxPreviewTest01ViewController.swift */; };
		88CEFA492BB9C42F0074147A /* AuxPreviewTest02ViewController.swift in Sources */ = {isa = PBXBuildFile; fileRef = 88CEFA402BB9C42F0074147A /* AuxPreviewTest02ViewController.swift */; };
		88CEFA4A2BB9C42F0074147A /* AuxiliaryPreviewPresets.swift in Sources */ = {isa = PBXBuildFile; fileRef = 88CEFA412BB9C42F0074147A /* AuxiliaryPreviewPresets.swift */; };
		88CEFA4B2BB9C42F0074147A /* Routes.swift in Sources */ = {isa = PBXBuildFile; fileRef = 88CEFA422BB9C42F0074147A /* Routes.swift */; };
		88CEFA4C2BB9C42F0074147A /* AuxiliaryPreviewBasicUsage01Controller.swift in Sources */ = {isa = PBXBuildFile; fileRef = 88CEFA442BB9C42F0074147A /* AuxiliaryPreviewBasicUsage01Controller.swift */; };
		88CEFA4E2BB9C44E0074147A /* SceneDelegate.swift in Sources */ = {isa = PBXBuildFile; fileRef = 88CEFA4D2BB9C44E0074147A /* SceneDelegate.swift */; };
		8A7DDBE4285F2F73E1B25E83 /* Pods_ContextMenuAuxiliaryPreview_Example.framework in Frameworks */ = {isa = PBXBuildFile; fileRef = B0846B28D0050DF96857EF47 /* Pods_ContextMenuAuxiliaryPreview_Example.framework */; };
/* End PBXBuildFile section */

/* Begin PBXFileReference section */
		46CD9CF4EE5352C9252337F4 /* Pods-ContextMenuAuxiliaryPreview_Example.debug.xcconfig */ = {isa = PBXFileReference; includeInIndex = 1; lastKnownFileType = text.xcconfig; name = "Pods-ContextMenuAuxiliaryPreview_Example.debug.xcconfig"; path = "Target Support Files/Pods-ContextMenuAuxiliaryPreview_Example/Pods-ContextMenuAuxiliaryPreview_Example.debug.xcconfig"; sourceTree = "<group>"; };
		586DF6365F9C5635AF2EB6E1 /* ContextMenuAuxiliaryPreview.podspec */ = {isa = PBXFileReference; includeInIndex = 1; lastKnownFileType = text; name = ContextMenuAuxiliaryPreview.podspec; path = ../ContextMenuAuxiliaryPreview.podspec; sourceTree = "<group>"; xcLanguageSpecificationIdentifier = xcode.lang.ruby; };
		607FACD01AFB9204008FA782 /* ContextMenuAuxiliaryPreview_Example.app */ = {isa = PBXFileReference; explicitFileType = wrapper.application; includeInIndex = 0; path = ContextMenuAuxiliaryPreview_Example.app; sourceTree = BUILT_PRODUCTS_DIR; };
		607FACD41AFB9204008FA782 /* Info.plist */ = {isa = PBXFileReference; lastKnownFileType = text.plist.xml; path = Info.plist; sourceTree = "<group>"; };
		607FACD51AFB9204008FA782 /* AppDelegate.swift */ = {isa = PBXFileReference; lastKnownFileType = sourcecode.swift; path = AppDelegate.swift; sourceTree = "<group>"; };
		607FACDC1AFB9204008FA782 /* Images.xcassets */ = {isa = PBXFileReference; lastKnownFileType = folder.assetcatalog; path = Images.xcassets; sourceTree = "<group>"; };
		607FACDF1AFB9204008FA782 /* Base */ = {isa = PBXFileReference; lastKnownFileType = file.xib; name = Base; path = Base.lproj/LaunchScreen.xib; sourceTree = "<group>"; };
		62F0AEBBA0A2A19C62501E4D /* LICENSE */ = {isa = PBXFileReference; includeInIndex = 1; lastKnownFileType = text; name = LICENSE; path = ../LICENSE; sourceTree = "<group>"; };
		88CEFA3C2BB9C42F0074147A /* Experiment01ViewController.swift */ = {isa = PBXFileReference; fileEncoding = 4; lastKnownFileType = sourcecode.swift; path = Experiment01ViewController.swift; sourceTree = "<group>"; };
		88CEFA3D2BB9C42F0074147A /* DebugDataCardController.swift */ = {isa = PBXFileReference; fileEncoding = 4; lastKnownFileType = sourcecode.swift; path = DebugDataCardController.swift; sourceTree = "<group>"; };
		88CEFA3E2BB9C42F0074147A /* Experiment02ViewController.swift */ = {isa = PBXFileReference; fileEncoding = 4; lastKnownFileType = sourcecode.swift; path = Experiment02ViewController.swift; sourceTree = "<group>"; };
		88CEFA3F2BB9C42F0074147A /* AuxPreviewTest01ViewController.swift */ = {isa = PBXFileReference; fileEncoding = 4; lastKnownFileType = sourcecode.swift; path = AuxPreviewTest01ViewController.swift; sourceTree = "<group>"; };
		88CEFA402BB9C42F0074147A /* AuxPreviewTest02ViewController.swift */ = {isa = PBXFileReference; fileEncoding = 4; lastKnownFileType = sourcecode.swift; path = AuxPreviewTest02ViewController.swift; sourceTree = "<group>"; };
		88CEFA412BB9C42F0074147A /* AuxiliaryPreviewPresets.swift */ = {isa = PBXFileReference; fileEncoding = 4; lastKnownFileType = sourcecode.swift; path = AuxiliaryPreviewPresets.swift; sourceTree = "<group>"; };
		88CEFA422BB9C42F0074147A /* Routes.swift */ = {isa = PBXFileReference; fileEncoding = 4; lastKnownFileType = sourcecode.swift; path = Routes.swift; sourceTree = "<group>"; };
		88CEFA442BB9C42F0074147A /* AuxiliaryPreviewBasicUsage01Controller.swift */ = {isa = PBXFileReference; fileEncoding = 4; lastKnownFileType = sourcecode.swift; path = AuxiliaryPreviewBasicUsage01Controller.swift; sourceTree = "<group>"; };
		88CEFA4D2BB9C44E0074147A /* SceneDelegate.swift */ = {isa = PBXFileReference; fileEncoding = 4; lastKnownFileType = sourcecode.swift; path = SceneDelegate.swift; sourceTree = "<group>"; };
		974A3F6DF1A2C34BAF2B3D89 /* README.md */ = {isa = PBXFileReference; includeInIndex = 1; lastKnownFileType = net.daringfireball.markdown; name = README.md; path = ../README.md; sourceTree = "<group>"; };
		B0846B28D0050DF96857EF47 /* Pods_ContextMenuAuxiliaryPreview_Example.framework */ = {isa = PBXFileReference; explicitFileType = wrapper.framework; includeInIndex = 0; path = Pods_ContextMenuAuxiliaryPreview_Example.framework; sourceTree = BUILT_PRODUCTS_DIR; };
		D0F4AFF45051E7CE6F9F308D /* Pods-ContextMenuAuxiliaryPreview_Example.release.xcconfig */ = {isa = PBXFileReference; includeInIndex = 1; lastKnownFileType = text.xcconfig; name = "Pods-ContextMenuAuxiliaryPreview_Example.release.xcconfig"; path = "Target Support Files/Pods-ContextMenuAuxiliaryPreview_Example/Pods-ContextMenuAuxiliaryPreview_Example.release.xcconfig"; sourceTree = "<group>"; };
/* End PBXFileReference section */

/* Begin PBXFrameworksBuildPhase section */
		607FACCD1AFB9204008FA782 /* Frameworks */ = {
			isa = PBXFrameworksBuildPhase;
			buildActionMask = 2147483647;
			files = (
				8A7DDBE4285F2F73E1B25E83 /* Pods_ContextMenuAuxiliaryPreview_Example.framework in Frameworks */,
			);
			runOnlyForDeploymentPostprocessing = 0;
		};
/* End PBXFrameworksBuildPhase section */

/* Begin PBXGroup section */
		439F0987E57E3AF8BE249252 /* Pods */ = {
			isa = PBXGroup;
			children = (
				46CD9CF4EE5352C9252337F4 /* Pods-ContextMenuAuxiliaryPreview_Example.debug.xcconfig */,
				D0F4AFF45051E7CE6F9F308D /* Pods-ContextMenuAuxiliaryPreview_Example.release.xcconfig */,
			);
			path = Pods;
			sourceTree = "<group>";
		};
		607FACC71AFB9204008FA782 = {
			isa = PBXGroup;
			children = (
				88CEFA432BB9C42F0074147A /* Examples */,
				88CEFA3B2BB9C42F0074147A /* Screens */,
				607FACF51AFB993E008FA782 /* Podspec Metadata */,
				607FACD21AFB9204008FA782 /* Example for ContextMenuAuxiliaryPreview */,
				607FACD11AFB9204008FA782 /* Products */,
				439F0987E57E3AF8BE249252 /* Pods */,
				CBCB9A57A87C517835504602 /* Frameworks */,
			);
			sourceTree = "<group>";
		};
		607FACD11AFB9204008FA782 /* Products */ = {
			isa = PBXGroup;
			children = (
				607FACD01AFB9204008FA782 /* ContextMenuAuxiliaryPreview_Example.app */,
			);
			name = Products;
			sourceTree = "<group>";
		};
		607FACD21AFB9204008FA782 /* Example for ContextMenuAuxiliaryPreview */ = {
			isa = PBXGroup;
			children = (
				88CEFA4D2BB9C44E0074147A /* SceneDelegate.swift */,
				607FACD51AFB9204008FA782 /* AppDelegate.swift */,
				607FACDC1AFB9204008FA782 /* Images.xcassets */,
				607FACDE1AFB9204008FA782 /* LaunchScreen.xib */,
				607FACD31AFB9204008FA782 /* Supporting Files */,
			);
			name = "Example for ContextMenuAuxiliaryPreview";
			path = ContextMenuAuxiliaryPreview;
			sourceTree = "<group>";
		};
		607FACD31AFB9204008FA782 /* Supporting Files */ = {
			isa = PBXGroup;
			children = (
				607FACD41AFB9204008FA782 /* Info.plist */,
			);
			name = "Supporting Files";
			sourceTree = "<group>";
		};
		607FACF51AFB993E008FA782 /* Podspec Metadata */ = {
			isa = PBXGroup;
			children = (
				586DF6365F9C5635AF2EB6E1 /* ContextMenuAuxiliaryPreview.podspec */,
				974A3F6DF1A2C34BAF2B3D89 /* README.md */,
				62F0AEBBA0A2A19C62501E4D /* LICENSE */,
			);
			name = "Podspec Metadata";
			sourceTree = "<group>";
		};
		88CEFA3B2BB9C42F0074147A /* Screens */ = {
			isa = PBXGroup;
			children = (
				88CEFA3C2BB9C42F0074147A /* Experiment01ViewController.swift */,
				88CEFA3D2BB9C42F0074147A /* DebugDataCardController.swift */,
				88CEFA3E2BB9C42F0074147A /* Experiment02ViewController.swift */,
				88CEFA3F2BB9C42F0074147A /* AuxPreviewTest01ViewController.swift */,
				88CEFA402BB9C42F0074147A /* AuxPreviewTest02ViewController.swift */,
				88CEFA412BB9C42F0074147A /* AuxiliaryPreviewPresets.swift */,
				88CEFA422BB9C42F0074147A /* Routes.swift */,
			);
			name = Screens;
			path = ../Example/Screens;
			sourceTree = "<group>";
		};
		88CEFA432BB9C42F0074147A /* Examples */ = {
			isa = PBXGroup;
			children = (
				88CEFA442BB9C42F0074147A /* AuxiliaryPreviewBasicUsage01Controller.swift */,
			);
			name = Examples;
			path = ../Example/Examples;
			sourceTree = "<group>";
		};
		CBCB9A57A87C517835504602 /* Frameworks */ = {
			isa = PBXGroup;
			children = (
				B0846B28D0050DF96857EF47 /* Pods_ContextMenuAuxiliaryPreview_Example.framework */,
			);
			name = Frameworks;
			sourceTree = "<group>";
		};
/* End PBXGroup section */

/* Begin PBXNativeTarget section */
		607FACCF1AFB9204008FA782 /* ContextMenuAuxiliaryPreview_Example */ = {
			isa = PBXNativeTarget;
			buildConfigurationList = 607FACEF1AFB9204008FA782 /* Build configuration list for PBXNativeTarget "ContextMenuAuxiliaryPreview_Example" */;
			buildPhases = (
				7D982D47B9B0BC9C07CC15F1 /* [CP] Check Pods Manifest.lock */,
				607FACCC1AFB9204008FA782 /* Sources */,
				607FACCD1AFB9204008FA782 /* Frameworks */,
				607FACCE1AFB9204008FA782 /* Resources */,
				4B32CA0D5A270C905F34B80A /* [CP] Embed Pods Frameworks */,
			);
			buildRules = (
			);
			dependencies = (
			);
			name = ContextMenuAuxiliaryPreview_Example;
			productName = ContextMenuAuxiliaryPreview;
			productReference = 607FACD01AFB9204008FA782 /* ContextMenuAuxiliaryPreview_Example.app */;
			productType = "com.apple.product-type.application";
		};
/* End PBXNativeTarget section */

/* Begin PBXProject section */
		607FACC81AFB9204008FA782 /* Project object */ = {
			isa = PBXProject;
			attributes = {
				LastSwiftUpdateCheck = 0830;
				LastUpgradeCheck = 0830;
				ORGANIZATIONNAME = CocoaPods;
				TargetAttributes = {
					607FACCF1AFB9204008FA782 = {
						CreatedOnToolsVersion = 6.3.1;
						LastSwiftMigration = 0900;
					};
				};
			};
			buildConfigurationList = 607FACCB1AFB9204008FA782 /* Build configuration list for PBXProject "ContextMenuAuxiliaryPreview" */;
			compatibilityVersion = "Xcode 3.2";
			developmentRegion = English;
			hasScannedForEncodings = 0;
			knownRegions = (
				English,
				en,
				Base,
			);
			mainGroup = 607FACC71AFB9204008FA782;
			productRefGroup = 607FACD11AFB9204008FA782 /* Products */;
			projectDirPath = "";
			projectRoot = "";
			targets = (
				607FACCF1AFB9204008FA782 /* ContextMenuAuxiliaryPreview_Example */,
			);
		};
/* End PBXProject section */

/* Begin PBXResourcesBuildPhase section */
		607FACCE1AFB9204008FA782 /* Resources */ = {
			isa = PBXResourcesBuildPhase;
			buildActionMask = 2147483647;
			files = (
				607FACE01AFB9204008FA782 /* LaunchScreen.xib in Resources */,
				607FACDD1AFB9204008FA782 /* Images.xcassets in Resources */,
			);
			runOnlyForDeploymentPostprocessing = 0;
		};
/* End PBXResourcesBuildPhase section */

/* Begin PBXShellScriptBuildPhase section */
		4B32CA0D5A270C905F34B80A /* [CP] Embed Pods Frameworks */ = {
			isa = PBXShellScriptBuildPhase;
			buildActionMask = 2147483647;
			files = (
			);
			inputPaths = (
				"${PODS_ROOT}/Target Support Files/Pods-ContextMenuAuxiliaryPreview_Example/Pods-ContextMenuAuxiliaryPreview_Example-frameworks.sh",
				"${BUILT_PRODUCTS_DIR}/ContextMenuAuxiliaryPreview/ContextMenuAuxiliaryPreview.framework",
				"${BUILT_PRODUCTS_DIR}/DGSwiftUtilities/DGSwiftUtilities.framework",
			);
			name = "[CP] Embed Pods Frameworks";
			outputPaths = (
				"${TARGET_BUILD_DIR}/${FRAMEWORKS_FOLDER_PATH}/ContextMenuAuxiliaryPreview.framework",
				"${TARGET_BUILD_DIR}/${FRAMEWORKS_FOLDER_PATH}/DGSwiftUtilities.framework",
			);
			runOnlyForDeploymentPostprocessing = 0;
			shellPath = /bin/sh;
			shellScript = "\"${PODS_ROOT}/Target Support Files/Pods-ContextMenuAuxiliaryPreview_Example/Pods-ContextMenuAuxiliaryPreview_Example-frameworks.sh\"\n";
			showEnvVarsInLog = 0;
		};
		7D982D47B9B0BC9C07CC15F1 /* [CP] Check Pods Manifest.lock */ = {
			isa = PBXShellScriptBuildPhase;
			buildActionMask = 2147483647;
			files = (
			);
			inputFileListPaths = (
			);
			inputPaths = (
				"${PODS_PODFILE_DIR_PATH}/Podfile.lock",
				"${PODS_ROOT}/Manifest.lock",
			);
			name = "[CP] Check Pods Manifest.lock";
			outputFileListPaths = (
			);
			outputPaths = (
				"$(DERIVED_FILE_DIR)/Pods-ContextMenuAuxiliaryPreview_Example-checkManifestLockResult.txt",
			);
			runOnlyForDeploymentPostprocessing = 0;
			shellPath = /bin/sh;
			shellScript = "diff \"${PODS_PODFILE_DIR_PATH}/Podfile.lock\" \"${PODS_ROOT}/Manifest.lock\" > /dev/null\nif [ $? != 0 ] ; then\n    # print error to STDERR\n    echo \"error: The sandbox is not in sync with the Podfile.lock. Run 'pod install' or update your CocoaPods installation.\" >&2\n    exit 1\nfi\n# This output is used by Xcode 'outputs' to avoid re-running this script phase.\necho \"SUCCESS\" > \"${SCRIPT_OUTPUT_FILE_0}\"\n";
			showEnvVarsInLog = 0;
		};
/* End PBXShellScriptBuildPhase section */

/* Begin PBXSourcesBuildPhase section */
		607FACCC1AFB9204008FA782 /* Sources */ = {
			isa = PBXSourcesBuildPhase;
			buildActionMask = 2147483647;
			files = (
				88CEFA492BB9C42F0074147A /* AuxPreviewTest02ViewController.swift in Sources */,
				88CEFA4B2BB9C42F0074147A /* Routes.swift in Sources */,
				88CEFA482BB9C42F0074147A /* AuxPreviewTest01ViewController.swift in Sources */,
				88CEFA462BB9C42F0074147A /* DebugDataCardController.swift in Sources */,
				88CEFA4C2BB9C42F0074147A /* AuxiliaryPreviewBasicUsage01Controller.swift in Sources */,
				88CEFA4E2BB9C44E0074147A /* SceneDelegate.swift in Sources */,
				88CEFA452BB9C42F0074147A /* Experiment01ViewController.swift in Sources */,
				88CEFA472BB9C42F0074147A /* Experiment02ViewController.swift in Sources */,
				88CEFA4A2BB9C42F0074147A /* AuxiliaryPreviewPresets.swift in Sources */,
				607FACD61AFB9204008FA782 /* AppDelegate.swift in Sources */,
			);
			runOnlyForDeploymentPostprocessing = 0;
		};
/* End PBXSourcesBuildPhase section */

/* Begin PBXVariantGroup section */
		607FACDE1AFB9204008FA782 /* LaunchScreen.xib */ = {
			isa = PBXVariantGroup;
			children = (
				607FACDF1AFB9204008FA782 /* Base */,
			);
			name = LaunchScreen.xib;
			sourceTree = "<group>";
		};
/* End PBXVariantGroup section */

/* Begin XCBuildConfiguration section */
		607FACED1AFB9204008FA782 /* Debug */ = {
			isa = XCBuildConfiguration;
			buildSettings = {
				ALWAYS_SEARCH_USER_PATHS = NO;
				CLANG_CXX_LANGUAGE_STANDARD = "gnu++0x";
				CLANG_CXX_LIBRARY = "libc++";
				CLANG_ENABLE_MODULES = YES;
				CLANG_ENABLE_OBJC_ARC = YES;
				CLANG_WARN_BLOCK_CAPTURE_AUTORELEASING = YES;
				CLANG_WARN_BOOL_CONVERSION = YES;
				CLANG_WARN_COMMA = YES;
				CLANG_WARN_CONSTANT_CONVERSION = YES;
				CLANG_WARN_DIRECT_OBJC_ISA_USAGE = YES_ERROR;
				CLANG_WARN_EMPTY_BODY = YES;
				CLANG_WARN_ENUM_CONVERSION = YES;
				CLANG_WARN_INFINITE_RECURSION = YES;
				CLANG_WARN_INT_CONVERSION = YES;
				CLANG_WARN_NON_LITERAL_NULL_CONVERSION = YES;
				CLANG_WARN_OBJC_LITERAL_CONVERSION = YES;
				CLANG_WARN_OBJC_ROOT_CLASS = YES_ERROR;
				CLANG_WARN_RANGE_LOOP_ANALYSIS = YES;
				CLANG_WARN_STRICT_PROTOTYPES = YES;
				CLANG_WARN_SUSPICIOUS_MOVE = YES;
				CLANG_WARN_UNREACHABLE_CODE = YES;
				CLANG_WARN__DUPLICATE_METHOD_MATCH = YES;
				"CODE_SIGN_IDENTITY[sdk=iphoneos*]" = "iPhone Developer";
				COPY_PHASE_STRIP = NO;
				DEBUG_INFORMATION_FORMAT = "dwarf-with-dsym";
				ENABLE_STRICT_OBJC_MSGSEND = YES;
				ENABLE_TESTABILITY = YES;
				GCC_C_LANGUAGE_STANDARD = gnu99;
				GCC_DYNAMIC_NO_PIC = NO;
				GCC_NO_COMMON_BLOCKS = YES;
				GCC_OPTIMIZATION_LEVEL = 0;
				GCC_PREPROCESSOR_DEFINITIONS = (
					"DEBUG=1",
					"$(inherited)",
				);
				GCC_SYMBOLS_PRIVATE_EXTERN = NO;
				GCC_WARN_64_TO_32_BIT_CONVERSION = YES;
				GCC_WARN_ABOUT_RETURN_TYPE = YES_ERROR;
				GCC_WARN_UNDECLARED_SELECTOR = YES;
				GCC_WARN_UNINITIALIZED_AUTOS = YES_AGGRESSIVE;
				GCC_WARN_UNUSED_FUNCTION = YES;
				GCC_WARN_UNUSED_VARIABLE = YES;
				IPHONEOS_DEPLOYMENT_TARGET = 13.0;
				MTL_ENABLE_DEBUG_INFO = YES;
				ONLY_ACTIVE_ARCH = YES;
				SDKROOT = iphoneos;
				SWIFT_OPTIMIZATION_LEVEL = "-Onone";
			};
			name = Debug;
		};
		607FACEE1AFB9204008FA782 /* Release */ = {
			isa = XCBuildConfiguration;
			buildSettings = {
				ALWAYS_SEARCH_USER_PATHS = NO;
				CLANG_CXX_LANGUAGE_STANDARD = "gnu++0x";
				CLANG_CXX_LIBRARY = "libc++";
				CLANG_ENABLE_MODULES = YES;
				CLANG_ENABLE_OBJC_ARC = YES;
				CLANG_WARN_BLOCK_CAPTURE_AUTORELEASING = YES;
				CLANG_WARN_BOOL_CONVERSION = YES;
				CLANG_WARN_COMMA = YES;
				CLANG_WARN_CONSTANT_CONVERSION = YES;
				CLANG_WARN_DIRECT_OBJC_ISA_USAGE = YES_ERROR;
				CLANG_WARN_EMPTY_BODY = YES;
				CLANG_WARN_ENUM_CONVERSION = YES;
				CLANG_WARN_INFINITE_RECURSION = YES;
				CLANG_WARN_INT_CONVERSION = YES;
				CLANG_WARN_NON_LITERAL_NULL_CONVERSION = YES;
				CLANG_WARN_OBJC_LITERAL_CONVERSION = YES;
				CLANG_WARN_OBJC_ROOT_CLASS = YES_ERROR;
				CLANG_WARN_RANGE_LOOP_ANALYSIS = YES;
				CLANG_WARN_STRICT_PROTOTYPES = YES;
				CLANG_WARN_SUSPICIOUS_MOVE = YES;
				CLANG_WARN_UNREACHABLE_CODE = YES;
				CLANG_WARN__DUPLICATE_METHOD_MATCH = YES;
				"CODE_SIGN_IDENTITY[sdk=iphoneos*]" = "iPhone Developer";
				COPY_PHASE_STRIP = NO;
				DEBUG_INFORMATION_FORMAT = "dwarf-with-dsym";
				ENABLE_NS_ASSERTIONS = NO;
				ENABLE_STRICT_OBJC_MSGSEND = YES;
				GCC_C_LANGUAGE_STANDARD = gnu99;
				GCC_NO_COMMON_BLOCKS = YES;
				GCC_WARN_64_TO_32_BIT_CONVERSION = YES;
				GCC_WARN_ABOUT_RETURN_TYPE = YES_ERROR;
				GCC_WARN_UNDECLARED_SELECTOR = YES;
				GCC_WARN_UNINITIALIZED_AUTOS = YES_AGGRESSIVE;
				GCC_WARN_UNUSED_FUNCTION = YES;
				GCC_WARN_UNUSED_VARIABLE = YES;
				IPHONEOS_DEPLOYMENT_TARGET = 13.0;
				MTL_ENABLE_DEBUG_INFO = NO;
				SDKROOT = iphoneos;
				SWIFT_OPTIMIZATION_LEVEL = "-Owholemodule";
				VALIDATE_PRODUCT = YES;
			};
			name = Release;
		};
		607FACF01AFB9204008FA782 /* Debug */ = {
			isa = XCBuildConfiguration;
			baseConfigurationReference = 46CD9CF4EE5352C9252337F4 /* Pods-ContextMenuAuxiliaryPreview_Example.debug.xcconfig */;
			buildSettings = {
				ASSETCATALOG_COMPILER_APPICON_NAME = AppIcon;
				INFOPLIST_FILE = ContextMenuAuxiliaryPreview/Info.plist;
				IPHONEOS_DEPLOYMENT_TARGET = 13.0;
				LD_RUNPATH_SEARCH_PATHS = "$(inherited) @executable_path/Frameworks";
				MODULE_NAME = ExampleApp;
				PRODUCT_BUNDLE_IDENTIFIER = "org.cocoapods.demo.$(PRODUCT_NAME:rfc1034identifier)";
				PRODUCT_NAME = "$(TARGET_NAME)";
				SWIFT_SWIFT3_OBJC_INFERENCE = Default;
				SWIFT_VERSION = 4.0;
			};
			name = Debug;
		};
		607FACF11AFB9204008FA782 /* Release */ = {
			isa = XCBuildConfiguration;
			baseConfigurationReference = D0F4AFF45051E7CE6F9F308D /* Pods-ContextMenuAuxiliaryPreview_Example.release.xcconfig */;
			buildSettings = {
				ASSETCATALOG_COMPILER_APPICON_NAME = AppIcon;
				INFOPLIST_FILE = ContextMenuAuxiliaryPreview/Info.plist;
				IPHONEOS_DEPLOYMENT_TARGET = 13.0;
				LD_RUNPATH_SEARCH_PATHS = "$(inherited) @executable_path/Frameworks";
				MODULE_NAME = ExampleApp;
				PRODUCT_BUNDLE_IDENTIFIER = "org.cocoapods.demo.$(PRODUCT_NAME:rfc1034identifier)";
				PRODUCT_NAME = "$(TARGET_NAME)";
				SWIFT_SWIFT3_OBJC_INFERENCE = Default;
				SWIFT_VERSION = 4.0;
			};
			name = Release;
		};
/* End XCBuildConfiguration section */

/* Begin XCConfigurationList section */
		607FACCB1AFB9204008FA782 /* Build configuration list for PBXProject "ContextMenuAuxiliaryPreview" */ = {
			isa = XCConfigurationList;
			buildConfigurations = (
				607FACED1AFB9204008FA782 /* Debug */,
				607FACEE1AFB9204008FA782 /* Release */,
			);
			defaultConfigurationIsVisible = 0;
			defaultConfigurationName = Release;
		};
		607FACEF1AFB9204008FA782 /* Build configuration list for PBXNativeTarget "ContextMenuAuxiliaryPreview_Example" */ = {
			isa = XCConfigurationList;
			buildConfigurations = (
				607FACF01AFB9204008FA782 /* Debug */,
				607FACF11AFB9204008FA782 /* Release */,
			);
			defaultConfigurationIsVisible = 0;
			defaultConfigurationName = Release;
		};
/* End XCConfigurationList section */
	};
	rootObject = 607FACC81AFB9204008FA782 /* Project object */;
}
