PODS:
  - ContextMenuAuxiliaryPreview (0.2.5):
    - DGSwiftUtilities (~> 0)
  - DGSwiftUtilities (0.6.1)

DEPENDENCIES:
  - ContextMenuAuxiliaryPreview (from `../`)

SPEC REPOS:
  trunk:
    - DGSwiftUtilities

EXTERNAL SOURCES:
  ContextMenuAuxiliaryPreview:
    :path: "../"

SPEC CHECKSUMS:
  ContextMenuAuxiliaryPreview: 27763c1bed5afcb77427b192191b18a897c54ebe
  DGSwiftUtilities: 22fab7fe2d4494dfb97c9b80c678d9ea06a058e1

PODFILE CHECKSUM: 390ce9d08904d7f4273b197f28c86720c519721c

COCOAPODS: 1.14.2
