PODS:
  - ContextMenuAuxiliaryPreview (0.3.0):
    - DGSwiftUtilities (~> 0.6)
  - DGSwiftUtilities (0.6.2)

DEPENDENCIES:
  - ContextMenuAuxiliaryPreview (from `../`)

SPEC REPOS:
  trunk:
    - DGSwiftUtilities

EXTERNAL SOURCES:
  ContextMenuAuxiliaryPreview:
    :path: "../"

SPEC CHECKSUMS:
  ContextMenuAuxiliaryPreview: 14d2777f51a8f9e8e739cd044724c35be0d4f948
  DGSwiftUtilities: c0a3708bacecddbbeb107e167eb5a55cb00bd768

PODFILE CHECKSUM: 390ce9d08904d7f4273b197f28c86720c519721c

COCOAPODS: 1.14.2
