PODS:
  - ContextMenuAuxiliaryPreview (0.5.0):
    - DGSwiftUtilities (~> 0.18)
  - DGSwiftUtilities (0.23.1)

DEPENDENCIES:
  - ContextMenuAuxiliaryPreview (from `../`)

SPEC REPOS:
  trunk:
    - DGSwiftUtilities

EXTERNAL SOURCES:
  ContextMenuAuxiliaryPreview:
    :path: "../"

SPEC CHECKSUMS:
  ContextMenuAuxiliaryPreview: 73728c521be1c8ce8e94c4927254995b2550a18a
  DGSwiftUtilities: 86ad92486b0a5ed46fe851bb6ecbb66d3361e9ab

PODFILE CHECKSUM: 390ce9d08904d7f4273b197f28c86720c519721c

COCOAPODS: 1.15.2
