{
  "pins" : [
    {
      "identity" : "dgswiftutilities",
      "kind" : "remoteSourceControl",
      "location" : "https://github.com/dominicstop/DGSwiftUtilities",
      "state" : {
        "revision" : "68d813c26ec4d89aeffcaee364f7f9b3c0356e3e",
        "version" : "0.18.0"
      }
    }
  ],
  "version" : 2
}
