// !$*UTF8*$!
{
	archiveVersion = 1;
	classes = {
	};
	objectVersion = 56;
	objects = {

/* Begin PBXBuildFile section */
		88441DF62AD15D6D008B64B1 /* AppDelegate.swift in Sources */ = {isa = PBXBuildFile; fileRef = 88441DF52AD15D6D008B64B1 /* AppDelegate.swift */; };
		88441DF82AD15D6D008B64B1 /* SceneDelegate.swift in Sources */ = {isa = PBXBuildFile; fileRef = 88441DF72AD15D6D008B64B1 /* SceneDelegate.swift */; };
		88441DFF2AD15D6F008B64B1 /* Assets.xcassets in Resources */ = {isa = PBXBuildFile; fileRef = 88441DFE2AD15D6F008B64B1 /* Assets.xcassets */; };
		88441E022AD15D6F008B64B1 /* LaunchScreen.storyboard in Resources */ = {isa = PBXBuildFile; fileRef = 88441E002AD15D6F008B64B1 /* LaunchScreen.storyboard */; };
		884B0FF12AE8865400EB7E67 /* AuxPreviewTest02ViewController.swift in Sources */ = {isa = PBXBuildFile; fileRef = 884B0FF02AE8865400EB7E67 /* AuxPreviewTest02ViewController.swift */; };
		8867D1B22AD16C870002961D /* Routes.swift in Sources */ = {isa = PBXBuildFile; fileRef = 8867D1B12AD16C870002961D /* Routes.swift */; };
		8867D1B42AD16CF90002961D /* AuxPreviewTest01ViewController.swift in Sources */ = {isa = PBXBuildFile; fileRef = 8867D1B32AD16CF90002961D /* AuxPreviewTest01ViewController.swift */; };
		88816E5E2B03B37A00D8DDFF /* DebugDataCardController.swift in Sources */ = {isa = PBXBuildFile; fileRef = 88816E5D2B03B37A00D8DDFF /* DebugDataCardController.swift */; };
		88816E602B03F5F300D8DDFF /* AuxiliaryPreviewPresets.swift in Sources */ = {isa = PBXBuildFile; fileRef = 88816E5F2B03F5F300D8DDFF /* AuxiliaryPreviewPresets.swift */; };
		889879F12AE26BD30020D7C6 /* ContextMenuAuxiliaryPreview in Frameworks */ = {isa = PBXBuildFile; productRef = 889879F02AE26BD30020D7C6 /* ContextMenuAuxiliaryPreview */; };
		889B47952AF72F4A006EB779 /* Experiment02ViewController.swift in Sources */ = {isa = PBXBuildFile; fileRef = 889B47942AF72F4A006EB779 /* Experiment02ViewController.swift */; };
		88B2CBF32B0F3EEE00862F72 /* AuxiliaryPreviewBasicUsage01Controller.swift in Sources */ = {isa = PBXBuildFile; fileRef = 88B2CBF22B0F3EEE00862F72 /* AuxiliaryPreviewBasicUsage01Controller.swift */; };
		88E016E92AF6046F004BA22B /* Experiment01ViewController.swift in Sources */ = {isa = PBXBuildFile; fileRef = 88E016E82AF6046F004BA22B /* Experiment01ViewController.swift */; };
/* End PBXBuildFile section */

/* Begin PBXFileReference section */
		88441DF22AD15D6D008B64B1 /* ContextMenuAuxiliaryPreviewExample.app */ = {isa = PBXFileReference; explicitFileType = wrapper.application; includeInIndex = 0; path = ContextMenuAuxiliaryPreviewExample.app; sourceTree = BUILT_PRODUCTS_DIR; };
		88441DF52AD15D6D008B64B1 /* AppDelegate.swift */ = {isa = PBXFileReference; lastKnownFileType = sourcecode.swift; path = AppDelegate.swift; sourceTree = "<group>"; };
		88441DF72AD15D6D008B64B1 /* SceneDelegate.swift */ = {isa = PBXFileReference; lastKnownFileType = sourcecode.swift; path = SceneDelegate.swift; sourceTree = "<group>"; };
		88441DFE2AD15D6F008B64B1 /* Assets.xcassets */ = {isa = PBXFileReference; lastKnownFileType = folder.assetcatalog; path = Assets.xcassets; sourceTree = "<group>"; };
		88441E012AD15D6F008B64B1 /* Base */ = {isa = PBXFileReference; lastKnownFileType = file.storyboard; name = Base; path = Base.lproj/LaunchScreen.storyboard; sourceTree = "<group>"; };
		88441E032AD15D6F008B64B1 /* Info.plist */ = {isa = PBXFileReference; lastKnownFileType = text.plist.xml; path = Info.plist; sourceTree = "<group>"; };
		884B0FF02AE8865400EB7E67 /* AuxPreviewTest02ViewController.swift */ = {isa = PBXFileReference; fileEncoding = 4; lastKnownFileType = sourcecode.swift; path = AuxPreviewTest02ViewController.swift; sourceTree = "<group>"; };
		8867D1B12AD16C870002961D /* Routes.swift */ = {isa = PBXFileReference; fileEncoding = 4; lastKnownFileType = sourcecode.swift; path = Routes.swift; sourceTree = "<group>"; };
		8867D1B32AD16CF90002961D /* AuxPreviewTest01ViewController.swift */ = {isa = PBXFileReference; lastKnownFileType = sourcecode.swift; path = AuxPreviewTest01ViewController.swift; sourceTree = "<group>"; };
		88816E5D2B03B37A00D8DDFF /* DebugDataCardController.swift */ = {isa = PBXFileReference; lastKnownFileType = sourcecode.swift; path = DebugDataCardController.swift; sourceTree = "<group>"; };
		88816E5F2B03F5F300D8DDFF /* AuxiliaryPreviewPresets.swift */ = {isa = PBXFileReference; lastKnownFileType = sourcecode.swift; path = AuxiliaryPreviewPresets.swift; sourceTree = "<group>"; };
		889879EF2AE26BC80020D7C6 /* ContextMenuAuxiliaryPreview */ = {isa = PBXFileReference; lastKnownFileType = wrapper; name = ContextMenuAuxiliaryPreview; path = ..; sourceTree = "<group>"; };
		889B47942AF72F4A006EB779 /* Experiment02ViewController.swift */ = {isa = PBXFileReference; lastKnownFileType = sourcecode.swift; path = Experiment02ViewController.swift; sourceTree = "<group>"; };
		88B2CBF22B0F3EEE00862F72 /* AuxiliaryPreviewBasicUsage01Controller.swift */ = {isa = PBXFileReference; lastKnownFileType = sourcecode.swift; path = AuxiliaryPreviewBasicUsage01Controller.swift; sourceTree = "<group>"; };
		88E016E82AF6046F004BA22B /* Experiment01ViewController.swift */ = {isa = PBXFileReference; fileEncoding = 4; lastKnownFileType = sourcecode.swift; path = Experiment01ViewController.swift; sourceTree = "<group>"; };
/* End PBXFileReference section */

/* Begin PBXFrameworksBuildPhase section */
		88441DEF2AD15D6D008B64B1 /* Frameworks */ = {
			isa = PBXFrameworksBuildPhase;
			buildActionMask = 2147483647;
			files = (
				889879F12AE26BD30020D7C6 /* ContextMenuAuxiliaryPreview in Frameworks */,
			);
			runOnlyForDeploymentPostprocessing = 0;
		};
/* End PBXFrameworksBuildPhase section */

/* Begin PBXGroup section */
		88441DE92AD15D6D008B64B1 = {
			isa = PBXGroup;
			children = (
				88B2CBF12B0F3ECF00862F72 /* Examples */,
				889879EF2AE26BC80020D7C6 /* ContextMenuAuxiliaryPreview */,
				8867D1B02AD16C870002961D /* Screens */,
				88441DF42AD15D6D008B64B1 /* ContextMenuAuxiliaryPreviewExample */,
				88441DF32AD15D6D008B64B1 /* Products */,
				8867D1B62AD2CA620002961D /* Frameworks */,
			);
			sourceTree = "<group>";
		};
		88441DF32AD15D6D008B64B1 /* Products */ = {
			isa = PBXGroup;
			children = (
				88441DF22AD15D6D008B64B1 /* ContextMenuAuxiliaryPreviewExample.app */,
			);
			name = Products;
			sourceTree = "<group>";
		};
		88441DF42AD15D6D008B64B1 /* ContextMenuAuxiliaryPreviewExample */ = {
			isa = PBXGroup;
			children = (
				88441DF52AD15D6D008B64B1 /* AppDelegate.swift */,
				88441DF72AD15D6D008B64B1 /* SceneDelegate.swift */,
				88441DFE2AD15D6F008B64B1 /* Assets.xcassets */,
				88441E002AD15D6F008B64B1 /* LaunchScreen.storyboard */,
				88441E032AD15D6F008B64B1 /* Info.plist */,
			);
			path = ContextMenuAuxiliaryPreviewExample;
			sourceTree = "<group>";
		};
		8867D1B02AD16C870002961D /* Screens */ = {
			isa = PBXGroup;
			children = (
				8867D1B12AD16C870002961D /* Routes.swift */,
				88E016E82AF6046F004BA22B /* Experiment01ViewController.swift */,
				889B47942AF72F4A006EB779 /* Experiment02ViewController.swift */,
				8867D1B32AD16CF90002961D /* AuxPreviewTest01ViewController.swift */,
				884B0FF02AE8865400EB7E67 /* AuxPreviewTest02ViewController.swift */,
				88816E5D2B03B37A00D8DDFF /* DebugDataCardController.swift */,
				88816E5F2B03F5F300D8DDFF /* AuxiliaryPreviewPresets.swift */,
			);
			path = Screens;
			sourceTree = "<group>";
		};
		8867D1B62AD2CA620002961D /* Frameworks */ = {
			isa = PBXGroup;
			children = (
			);
			name = Frameworks;
			sourceTree = "<group>";
		};
		88B2CBF12B0F3ECF00862F72 /* Examples */ = {
			isa = PBXGroup;
			children = (
				88B2CBF22B0F3EEE00862F72 /* AuxiliaryPreviewBasicUsage01Controller.swift */,
			);
			path = Examples;
			sourceTree = "<group>";
		};
/* End PBXGroup section */

/* Begin PBXNativeTarget section */
		88441DF12AD15D6D008B64B1 /* ContextMenuAuxiliaryPreviewExample */ = {
			isa = PBXNativeTarget;
			buildConfigurationList = 88441E062AD15D6F008B64B1 /* Build configuration list for PBXNativeTarget "ContextMenuAuxiliaryPreviewExample" */;
			buildPhases = (
				88441DEE2AD15D6D008B64B1 /* Sources */,
				88441DEF2AD15D6D008B64B1 /* Frameworks */,
				88441DF02AD15D6D008B64B1 /* Resources */,
			);
			buildRules = (
			);
			dependencies = (
			);
			name = ContextMenuAuxiliaryPreviewExample;
			packageProductDependencies = (
				889879F02AE26BD30020D7C6 /* ContextMenuAuxiliaryPreview */,
			);
			productName = ContextMenuAuxiliaryPreviewExample;
			productReference = 88441DF22AD15D6D008B64B1 /* ContextMenuAuxiliaryPreviewExample.app */;
			productType = "com.apple.product-type.application";
		};
/* End PBXNativeTarget section */

/* Begin PBXProject section */
		88441DEA2AD15D6D008B64B1 /* Project object */ = {
			isa = PBXProject;
			attributes = {
				BuildIndependentTargetsInParallel = 1;
				LastSwiftUpdateCheck = 1500;
				LastUpgradeCheck = 1500;
				TargetAttributes = {
					88441DF12AD15D6D008B64B1 = {
						CreatedOnToolsVersion = 15.0;
					};
				};
			};
			buildConfigurationList = 88441DED2AD15D6D008B64B1 /* Build configuration list for PBXProject "ContextMenuAuxiliaryPreviewExample" */;
			compatibilityVersion = "Xcode 14.0";
			developmentRegion = en;
			hasScannedForEncodings = 0;
			knownRegions = (
				en,
				Base,
			);
			mainGroup = 88441DE92AD15D6D008B64B1;
			packageReferences = (
			);
			productRefGroup = 88441DF32AD15D6D008B64B1 /* Products */;
			projectDirPath = "";
			projectRoot = "";
			targets = (
				88441DF12AD15D6D008B64B1 /* ContextMenuAuxiliaryPreviewExample */,
			);
		};
/* End PBXProject section */

/* Begin PBXResourcesBuildPhase section */
		88441DF02AD15D6D008B64B1 /* Resources */ = {
			isa = PBXResourcesBuildPhase;
			buildActionMask = 2147483647;
			files = (
				88441E022AD15D6F008B64B1 /* LaunchScreen.storyboard in Resources */,
				88441DFF2AD15D6F008B64B1 /* Assets.xcassets in Resources */,
			);
			runOnlyForDeploymentPostprocessing = 0;
		};
/* End PBXResourcesBuildPhase section */

/* Begin PBXSourcesBuildPhase section */
		88441DEE2AD15D6D008B64B1 /* Sources */ = {
			isa = PBXSourcesBuildPhase;
			buildActionMask = 2147483647;
			files = (
				8867D1B42AD16CF90002961D /* AuxPreviewTest01ViewController.swift in Sources */,
				8867D1B22AD16C870002961D /* Routes.swift in Sources */,
				889B47952AF72F4A006EB779 /* Experiment02ViewController.swift in Sources */,
				88E016E92AF6046F004BA22B /* Experiment01ViewController.swift in Sources */,
				88441DF62AD15D6D008B64B1 /* AppDelegate.swift in Sources */,
				884B0FF12AE8865400EB7E67 /* AuxPreviewTest02ViewController.swift in Sources */,
				88441DF82AD15D6D008B64B1 /* SceneDelegate.swift in Sources */,
				88816E602B03F5F300D8DDFF /* AuxiliaryPreviewPresets.swift in Sources */,
				88816E5E2B03B37A00D8DDFF /* DebugDataCardController.swift in Sources */,
				88B2CBF32B0F3EEE00862F72 /* AuxiliaryPreviewBasicUsage01Controller.swift in Sources */,
			);
			runOnlyForDeploymentPostprocessing = 0;
		};
/* End PBXSourcesBuildPhase section */

/* Begin PBXVariantGroup section */
		88441E002AD15D6F008B64B1 /* LaunchScreen.storyboard */ = {
			isa = PBXVariantGroup;
			children = (
				88441E012AD15D6F008B64B1 /* Base */,
			);
			name = LaunchScreen.storyboard;
			sourceTree = "<group>";
		};
/* End PBXVariantGroup section */

/* Begin XCBuildConfiguration section */
		88441E042AD15D6F008B64B1 /* Debug */ = {
			isa = XCBuildConfiguration;
			buildSettings = {
				ALWAYS_SEARCH_USER_PATHS = NO;
				ASSETCATALOG_COMPILER_GENERATE_SWIFT_ASSET_SYMBOL_EXTENSIONS = YES;
				CLANG_ANALYZER_NONNULL = YES;
				CLANG_ANALYZER_NUMBER_OBJECT_CONVERSION = YES_AGGRESSIVE;
				CLANG_CXX_LANGUAGE_STANDARD = "gnu++20";
				CLANG_ENABLE_MODULES = YES;
				CLANG_ENABLE_OBJC_ARC = YES;
				CLANG_ENABLE_OBJC_WEAK = YES;
				CLANG_WARN_BLOCK_CAPTURE_AUTORELEASING = YES;
				CLANG_WARN_BOOL_CONVERSION = YES;
				CLANG_WARN_COMMA = YES;
				CLANG_WARN_CONSTANT_CONVERSION = YES;
				CLANG_WARN_DEPRECATED_OBJC_IMPLEMENTATIONS = YES;
				CLANG_WARN_DIRECT_OBJC_ISA_USAGE = YES_ERROR;
				CLANG_WARN_DOCUMENTATION_COMMENTS = YES;
				CLANG_WARN_EMPTY_BODY = YES;
				CLANG_WARN_ENUM_CONVERSION = YES;
				CLANG_WARN_INFINITE_RECURSION = YES;
				CLANG_WARN_INT_CONVERSION = YES;
				CLANG_WARN_NON_LITERAL_NULL_CONVERSION = YES;
				CLANG_WARN_OBJC_IMPLICIT_RETAIN_SELF = YES;
				CLANG_WARN_OBJC_LITERAL_CONVERSION = YES;
				CLANG_WARN_OBJC_ROOT_CLASS = YES_ERROR;
				CLANG_WARN_QUOTED_INCLUDE_IN_FRAMEWORK_HEADER = YES;
				CLANG_WARN_RANGE_LOOP_ANALYSIS = YES;
				CLANG_WARN_STRICT_PROTOTYPES = YES;
				CLANG_WARN_SUSPICIOUS_MOVE = YES;
				CLANG_WARN_UNGUARDED_AVAILABILITY = YES_AGGRESSIVE;
				CLANG_WARN_UNREACHABLE_CODE = YES;
				CLANG_WARN__DUPLICATE_METHOD_MATCH = YES;
				COPY_PHASE_STRIP = NO;
				DEBUG_INFORMATION_FORMAT = dwarf;
				ENABLE_STRICT_OBJC_MSGSEND = YES;
				ENABLE_TESTABILITY = YES;
				ENABLE_USER_SCRIPT_SANDBOXING = YES;
				GCC_C_LANGUAGE_STANDARD = gnu17;
				GCC_DYNAMIC_NO_PIC = NO;
				GCC_NO_COMMON_BLOCKS = YES;
				GCC_OPTIMIZATION_LEVEL = 0;
				GCC_PREPROCESSOR_DEFINITIONS = (
					"DEBUG=1",
					"$(inherited)",
				);
				GCC_WARN_64_TO_32_BIT_CONVERSION = YES;
				GCC_WARN_ABOUT_RETURN_TYPE = YES_ERROR;
				GCC_WARN_UNDECLARED_SELECTOR = YES;
				GCC_WARN_UNINITIALIZED_AUTOS = YES_AGGRESSIVE;
				GCC_WARN_UNUSED_FUNCTION = YES;
				GCC_WARN_UNUSED_VARIABLE = YES;
				IPHONEOS_DEPLOYMENT_TARGET = 17.0;
				LOCALIZATION_PREFERS_STRING_CATALOGS = YES;
				MTL_ENABLE_DEBUG_INFO = INCLUDE_SOURCE;
				MTL_FAST_MATH = YES;
				ONLY_ACTIVE_ARCH = YES;
				SDKROOT = iphoneos;
				SWIFT_ACTIVE_COMPILATION_CONDITIONS = "DEBUG $(inherited)";
				SWIFT_OPTIMIZATION_LEVEL = "-Onone";
			};
			name = Debug;
		};
		88441E052AD15D6F008B64B1 /* Release */ = {
			isa = XCBuildConfiguration;
			buildSettings = {
				ALWAYS_SEARCH_USER_PATHS = NO;
				ASSETCATALOG_COMPILER_GENERATE_SWIFT_ASSET_SYMBOL_EXTENSIONS = YES;
				CLANG_ANALYZER_NONNULL = YES;
				CLANG_ANALYZER_NUMBER_OBJECT_CONVERSION = YES_AGGRESSIVE;
				CLANG_CXX_LANGUAGE_STANDARD = "gnu++20";
				CLANG_ENABLE_MODULES = YES;
				CLANG_ENABLE_OBJC_ARC = YES;
				CLANG_ENABLE_OBJC_WEAK = YES;
				CLANG_WARN_BLOCK_CAPTURE_AUTORELEASING = YES;
				CLANG_WARN_BOOL_CONVERSION = YES;
				CLANG_WARN_COMMA = YES;
				CLANG_WARN_CONSTANT_CONVERSION = YES;
				CLANG_WARN_DEPRECATED_OBJC_IMPLEMENTATIONS = YES;
				CLANG_WARN_DIRECT_OBJC_ISA_USAGE = YES_ERROR;
				CLANG_WARN_DOCUMENTATION_COMMENTS = YES;
				CLANG_WARN_EMPTY_BODY = YES;
				CLANG_WARN_ENUM_CONVERSION = YES;
				CLANG_WARN_INFINITE_RECURSION = YES;
				CLANG_WARN_INT_CONVERSION = YES;
				CLANG_WARN_NON_LITERAL_NULL_CONVERSION = YES;
				CLANG_WARN_OBJC_IMPLICIT_RETAIN_SELF = YES;
				CLANG_WARN_OBJC_LITERAL_CONVERSION = YES;
				CLANG_WARN_OBJC_ROOT_CLASS = YES_ERROR;
				CLANG_WARN_QUOTED_INCLUDE_IN_FRAMEWORK_HEADER = YES;
				CLANG_WARN_RANGE_LOOP_ANALYSIS = YES;
				CLANG_WARN_STRICT_PROTOTYPES = YES;
				CLANG_WARN_SUSPICIOUS_MOVE = YES;
				CLANG_WARN_UNGUARDED_AVAILABILITY = YES_AGGRESSIVE;
				CLANG_WARN_UNREACHABLE_CODE = YES;
				CLANG_WARN__DUPLICATE_METHOD_MATCH = YES;
				COPY_PHASE_STRIP = NO;
				DEBUG_INFORMATION_FORMAT = "dwarf-with-dsym";
				ENABLE_NS_ASSERTIONS = NO;
				ENABLE_STRICT_OBJC_MSGSEND = YES;
				ENABLE_USER_SCRIPT_SANDBOXING = YES;
				GCC_C_LANGUAGE_STANDARD = gnu17;
				GCC_NO_COMMON_BLOCKS = YES;
				GCC_WARN_64_TO_32_BIT_CONVERSION = YES;
				GCC_WARN_ABOUT_RETURN_TYPE = YES_ERROR;
				GCC_WARN_UNDECLARED_SELECTOR = YES;
				GCC_WARN_UNINITIALIZED_AUTOS = YES_AGGRESSIVE;
				GCC_WARN_UNUSED_FUNCTION = YES;
				GCC_WARN_UNUSED_VARIABLE = YES;
				IPHONEOS_DEPLOYMENT_TARGET = 17.0;
				LOCALIZATION_PREFERS_STRING_CATALOGS = YES;
				MTL_ENABLE_DEBUG_INFO = NO;
				MTL_FAST_MATH = YES;
				SDKROOT = iphoneos;
				SWIFT_COMPILATION_MODE = wholemodule;
				VALIDATE_PRODUCT = YES;
			};
			name = Release;
		};
		88441E072AD15D6F008B64B1 /* Debug */ = {
			isa = XCBuildConfiguration;
			buildSettings = {
				ASSETCATALOG_COMPILER_APPICON_NAME = AppIcon;
				ASSETCATALOG_COMPILER_GLOBAL_ACCENT_COLOR_NAME = AccentColor;
				CODE_SIGN_STYLE = Automatic;
				CURRENT_PROJECT_VERSION = 1;
				DEVELOPMENT_TEAM = ZC7A6XV8GR;
				GENERATE_INFOPLIST_FILE = YES;
				INFOPLIST_FILE = ContextMenuAuxiliaryPreviewExample/Info.plist;
				INFOPLIST_KEY_UIApplicationSupportsIndirectInputEvents = YES;
				INFOPLIST_KEY_UILaunchStoryboardName = LaunchScreen;
				INFOPLIST_KEY_UIRequiredDeviceCapabilities = armv7;
				INFOPLIST_KEY_UISupportedInterfaceOrientations = "UIInterfaceOrientationPortrait UIInterfaceOrientationLandscapeLeft";
				INFOPLIST_KEY_UISupportedInterfaceOrientations_iPad = "UIInterfaceOrientationPortrait UIInterfaceOrientationPortraitUpsideDown UIInterfaceOrientationLandscapeLeft UIInterfaceOrientationLandscapeRight";
				INFOPLIST_KEY_UISupportedInterfaceOrientations_iPhone = "UIInterfaceOrientationPortrait UIInterfaceOrientationLandscapeLeft UIInterfaceOrientationLandscapeRight";
				IPHONEOS_DEPLOYMENT_TARGET = 13.0;
				LD_RUNPATH_SEARCH_PATHS = (
					"$(inherited)",
					"@executable_path/Frameworks",
				);
				MARKETING_VERSION = 1.0;
				PRODUCT_BUNDLE_IDENTIFIER = dev.dominicgo.ContextMenuAuxiliaryPreviewExample;
				PRODUCT_NAME = "$(TARGET_NAME)";
				SWIFT_EMIT_LOC_STRINGS = YES;
				SWIFT_VERSION = 5.0;
				TARGETED_DEVICE_FAMILY = "1,2";
			};
			name = Debug;
		};
		88441E082AD15D6F008B64B1 /* Release */ = {
			isa = XCBuildConfiguration;
			buildSettings = {
				ASSETCATALOG_COMPILER_APPICON_NAME = AppIcon;
				ASSETCATALOG_COMPILER_GLOBAL_ACCENT_COLOR_NAME = AccentColor;
				CODE_SIGN_STYLE = Automatic;
				CURRENT_PROJECT_VERSION = 1;
				DEVELOPMENT_TEAM = ZC7A6XV8GR;
				GENERATE_INFOPLIST_FILE = YES;
				INFOPLIST_FILE = ContextMenuAuxiliaryPreviewExample/Info.plist;
				INFOPLIST_KEY_UIApplicationSupportsIndirectInputEvents = YES;
				INFOPLIST_KEY_UILaunchStoryboardName = LaunchScreen;
				INFOPLIST_KEY_UIRequiredDeviceCapabilities = armv7;
				INFOPLIST_KEY_UISupportedInterfaceOrientations = "UIInterfaceOrientationPortrait UIInterfaceOrientationLandscapeLeft";
				INFOPLIST_KEY_UISupportedInterfaceOrientations_iPad = "UIInterfaceOrientationPortrait UIInterfaceOrientationPortraitUpsideDown UIInterfaceOrientationLandscapeLeft UIInterfaceOrientationLandscapeRight";
				INFOPLIST_KEY_UISupportedInterfaceOrientations_iPhone = "UIInterfaceOrientationPortrait UIInterfaceOrientationLandscapeLeft UIInterfaceOrientationLandscapeRight";
				IPHONEOS_DEPLOYMENT_TARGET = 13.0;
				LD_RUNPATH_SEARCH_PATHS = (
					"$(inherited)",
					"@executable_path/Frameworks",
				);
				MARKETING_VERSION = 1.0;
				PRODUCT_BUNDLE_IDENTIFIER = dev.dominicgo.ContextMenuAuxiliaryPreviewExample;
				PRODUCT_NAME = "$(TARGET_NAME)";
				SWIFT_EMIT_LOC_STRINGS = YES;
				SWIFT_VERSION = 5.0;
				TARGETED_DEVICE_FAMILY = "1,2";
			};
			name = Release;
		};
/* End XCBuildConfiguration section */

/* Begin XCConfigurationList section */
		88441DED2AD15D6D008B64B1 /* Build configuration list for PBXProject "ContextMenuAuxiliaryPreviewExample" */ = {
			isa = XCConfigurationList;
			buildConfigurations = (
				88441E042AD15D6F008B64B1 /* Debug */,
				88441E052AD15D6F008B64B1 /* Release */,
			);
			defaultConfigurationIsVisible = 0;
			defaultConfigurationName = Release;
		};
		88441E062AD15D6F008B64B1 /* Build configuration list for PBXNativeTarget "ContextMenuAuxiliaryPreviewExample" */ = {
			isa = XCConfigurationList;
			buildConfigurations = (
				88441E072AD15D6F008B64B1 /* Debug */,
				88441E082AD15D6F008B64B1 /* Release */,
			);
			defaultConfigurationIsVisible = 0;
			defaultConfigurationName = Release;
		};
/* End XCConfigurationList section */

/* Begin XCSwiftPackageProductDependency section */
		889879F02AE26BD30020D7C6 /* ContextMenuAuxiliaryPreview */ = {
			isa = XCSwiftPackageProductDependency;
			productName = ContextMenuAuxiliaryPreview;
		};
/* End XCSwiftPackageProductDependency section */
	};
	rootObject = 88441DEA2AD15D6D008B64B1 /* Project object */;
}
