{
  "pins" : [
    {
      "identity" : "dgswiftutilities",
      "kind" : "remoteSourceControl",
      "location" : "https://github.com/dominicstop/DGSwiftUtilities",
      "state" : {
        "revision" : "6d8d6038d31be7374d9c41b3c061b209cad5ac5e",
        "version" : "0.13.0"
      }
    }
  ],
  "version" : 2
}
