{
  "pins" : [
    {
      "identity" : "dgswiftutilities",
      "kind" : "remoteSourceControl",
      "location" : "https://github.com/dominicstop/DGSwiftUtilities",
      "state" : {
        "revision" : "354f718509ec3ad215531d33abfb741d996a3c34",
        "version" : "0.5.3"
      }
    }
  ],
  "version" : 2
}
